// !$*UTF8*$!
{
	archiveVersion = 1;
	classes = {
	};
	objectVersion = 56;
	objects = {

/* Begin PBXBuildFile section */
		3240615E2BEE3C5C00372E05 /* Icons.swift in Sources */ = {isa = PBXBuildFile; fileRef = 3240615D2BEE3C5C00372E05 /* Icons.swift */; };
		32A0D6AC2BE8EC6C00262448 /* SnackOverFlowApp.swift in Sources */ = {isa = PBXBuildFile; fileRef = 32A0D6AB2BE8EC6C00262448 /* SnackOverFlowApp.swift */; };
		32A0D6AE2BE8EC6C00262448 /* ContentView.swift in Sources */ = {isa = PBXBuildFile; fileRef = 32A0D6AD2BE8EC6C00262448 /* ContentView.swift */; };
		32A0D6B02BE8EC6D00262448 /* Assets.xcassets in Resources */ = {isa = PBXBuildFile; fileRef = 32A0D6AF2BE8EC6D00262448 /* Assets.xcassets */; };
		32A0D6B32BE8EC6D00262448 /* Preview Assets.xcassets in Resources */ = {isa = PBXBuildFile; fileRef = 32A0D6B22BE8EC6D00262448 /* Preview Assets.xcassets */; };
		32A0D6C02BE8F05500262448 /* WelcomeView.swift in Sources */ = {isa = PBXBuildFile; fileRef = 32A0D6BF2BE8F05500262448 /* WelcomeView.swift */; };
		32AE04662BEB7F9F004C26DB /* Images.swift in Sources */ = {isa = PBXBuildFile; fileRef = 32AE04652BEB7F9F004C26DB /* Images.swift */; };
		32EA8F312BEE38E900DE5099 /* Colors.swift in Sources */ = {isa = PBXBuildFile; fileRef = 32EA8F302BEE38E900DE5099 /* Colors.swift */; };
		32FBF9092BEA43D100829DE4 /* Colors.xcassets in Resources */ = {isa = PBXBuildFile; fileRef = 32FBF9082BEA43D100829DE4 /* Colors.xcassets */; };
		32FBF90B2BEA43E000829DE4 /* Images.xcassets in Resources */ = {isa = PBXBuildFile; fileRef = 32FBF90A2BEA43E000829DE4 /* Images.xcassets */; };
/* End PBXBuildFile section */

/* Begin PBXFileReference section */
		3240615D2BEE3C5C00372E05 /* Icons.swift */ = {isa = PBXFileReference; lastKnownFileType = sourcecode.swift; path = Icons.swift; sourceTree = "<group>"; };
		32A0D6A82BE8EC6C00262448 /* SnackOverFlow.app */ = {isa = PBXFileReference; explicitFileType = wrapper.application; includeInIndex = 0; path = SnackOverFlow.app; sourceTree = BUILT_PRODUCTS_DIR; };
		32A0D6AB2BE8EC6C00262448 /* SnackOverFlowApp.swift */ = {isa = PBXFileReference; lastKnownFileType = sourcecode.swift; path = SnackOverFlowApp.swift; sourceTree = "<group>"; };
		32A0D6AD2BE8EC6C00262448 /* ContentView.swift */ = {isa = PBXFileReference; lastKnownFileType = sourcecode.swift; path = ContentView.swift; sourceTree = "<group>"; };
		32A0D6AF2BE8EC6D00262448 /* Assets.xcassets */ = {isa = PBXFileReference; lastKnownFileType = folder.assetcatalog; path = Assets.xcassets; sourceTree = "<group>"; };
		32A0D6B22BE8EC6D00262448 /* Preview Assets.xcassets */ = {isa = PBXFileReference; lastKnownFileType = folder.assetcatalog; path = "Preview Assets.xcassets"; sourceTree = "<group>"; };
		32A0D6BF2BE8F05500262448 /* WelcomeView.swift */ = {isa = PBXFileReference; lastKnownFileType = sourcecode.swift; path = WelcomeView.swift; sourceTree = "<group>"; };
		32AE04652BEB7F9F004C26DB /* Images.swift */ = {isa = PBXFileReference; lastKnownFileType = sourcecode.swift; path = Images.swift; sourceTree = "<group>"; };
		32EA8F302BEE38E900DE5099 /* Colors.swift */ = {isa = PBXFileReference; lastKnownFileType = sourcecode.swift; path = Colors.swift; sourceTree = "<group>"; };
		32FBF9082BEA43D100829DE4 /* Colors.xcassets */ = {isa = PBXFileReference; lastKnownFileType = folder.assetcatalog; path = Colors.xcassets; sourceTree = "<group>"; };
		32FBF90A2BEA43E000829DE4 /* Images.xcassets */ = {isa = PBXFileReference; lastKnownFileType = folder.assetcatalog; path = Images.xcassets; sourceTree = "<group>"; };
/* End PBXFileReference section */

/* Begin PBXFrameworksBuildPhase section */
		32A0D6A52BE8EC6C00262448 /* Frameworks */ = {
			isa = PBXFrameworksBuildPhase;
			buildActionMask = 2147483647;
			files = (
			);
			runOnlyForDeploymentPostprocessing = 0;
		};
/* End PBXFrameworksBuildPhase section */

/* Begin PBXGroup section */
		3240615C2BEE3C4C00372E05 /* Enums */ = {
			isa = PBXGroup;
			children = (
				32AE04652BEB7F9F004C26DB /* Images.swift */,
				3240615D2BEE3C5C00372E05 /* Icons.swift */,
			);
			path = Enums;
			sourceTree = "<group>";
		};
		32A0D69F2BE8EC6C00262448 = {
			isa = PBXGroup;
			children = (
				32A0D6AA2BE8EC6C00262448 /* SnackOverFlow */,
				32A0D6A92BE8EC6C00262448 /* Products */,
			);
			sourceTree = "<group>";
		};
		32A0D6A92BE8EC6C00262448 /* Products */ = {
			isa = PBXGroup;
			children = (
				32A0D6A82BE8EC6C00262448 /* SnackOverFlow.app */,
			);
			name = Products;
			sourceTree = "<group>";
		};
		32A0D6AA2BE8EC6C00262448 /* SnackOverFlow */ = {
			isa = PBXGroup;
			children = (
				32EA8F2F2BEE38D200DE5099 /* Extensions */,
				32A0D6BD2BE8EF2E00262448 /* Products */,
				32A0D6BB2BE8EED400262448 /* Features */,
				32A0D6BA2BE8EE8D00262448 /* Recources */,
				32A0D6B92BE8EE7400262448 /* Utilities */,
				32A0D6AB2BE8EC6C00262448 /* SnackOverFlowApp.swift */,
				32A0D6AD2BE8EC6C00262448 /* ContentView.swift */,
				32A0D6B12BE8EC6D00262448 /* Preview Content */,
			);
			path = SnackOverFlow;
			sourceTree = "<group>";
		};
		32A0D6B12BE8EC6D00262448 /* Preview Content */ = {
			isa = PBXGroup;
			children = (
				32A0D6B22BE8EC6D00262448 /* Preview Assets.xcassets */,
			);
			path = "Preview Content";
			sourceTree = "<group>";
		};
		32A0D6B92BE8EE7400262448 /* Utilities */ = {
			isa = PBXGroup;
			children = (
				3240615C2BEE3C4C00372E05 /* Enums */,
			);
			path = Utilities;
			sourceTree = "<group>";
		};
		32A0D6BA2BE8EE8D00262448 /* Recources */ = {
			isa = PBXGroup;
			children = (
				32FBF9072BEA43B000829DE4 /* Assets */,
			);
			path = Recources;
			sourceTree = "<group>";
		};
		32A0D6BB2BE8EED400262448 /* Features */ = {
			isa = PBXGroup;
			children = (
				32A0D6BC2BE8EF1300262448 /* Authentication */,
			);
			path = Features;
			sourceTree = "<group>";
		};
		32A0D6BC2BE8EF1300262448 /* Authentication */ = {
			isa = PBXGroup;
			children = (
				32A0D6BE2BE8F03500262448 /* WelcomePage */,
			);
			path = Authentication;
			sourceTree = "<group>";
		};
		32A0D6BD2BE8EF2E00262448 /* Products */ = {
			isa = PBXGroup;
			children = (
			);
			path = Products;
			sourceTree = "<group>";
		};
		32A0D6BE2BE8F03500262448 /* WelcomePage */ = {
			isa = PBXGroup;
			children = (
				32A0D6BF2BE8F05500262448 /* WelcomeView.swift */,
			);
			path = WelcomePage;
			sourceTree = "<group>";
		};
		32EA8F2F2BEE38D200DE5099 /* Extensions */ = {
			isa = PBXGroup;
			children = (
				32EA8F302BEE38E900DE5099 /* Colors.swift */,
			);
			path = Extensions;
			sourceTree = "<group>";
		};
		32FBF9072BEA43B000829DE4 /* Assets */ = {
			isa = PBXGroup;
			children = (
				32A0D6AF2BE8EC6D00262448 /* Assets.xcassets */,
				32FBF9082BEA43D100829DE4 /* Colors.xcassets */,
				32FBF90A2BEA43E000829DE4 /* Images.xcassets */,
			);
			path = Assets;
			sourceTree = "<group>";
		};
/* End PBXGroup section */

/* Begin PBXNativeTarget section */
		32A0D6A72BE8EC6C00262448 /* SnackOverFlow */ = {
			isa = PBXNativeTarget;
			buildConfigurationList = 32A0D6B62BE8EC6D00262448 /* Build configuration list for PBXNativeTarget "SnackOverFlow" */;
			buildPhases = (
				32A0D6A42BE8EC6C00262448 /* Sources */,
				32A0D6A52BE8EC6C00262448 /* Frameworks */,
				32A0D6A62BE8EC6C00262448 /* Resources */,
			);
			buildRules = (
			);
			dependencies = (
			);
			name = SnackOverFlow;
			productName = SnackOverFlow;
			productReference = 32A0D6A82BE8EC6C00262448 /* SnackOverFlow.app */;
			productType = "com.apple.product-type.application";
		};
/* End PBXNativeTarget section */

/* Begin PBXProject section */
		32A0D6A02BE8EC6C00262448 /* Project object */ = {
			isa = PBXProject;
			attributes = {
				BuildIndependentTargetsInParallel = 1;
				LastSwiftUpdateCheck = 1500;
				LastUpgradeCheck = 1500;
				TargetAttributes = {
					32A0D6A72BE8EC6C00262448 = {
						CreatedOnToolsVersion = 15.0;
					};
				};
			};
			buildConfigurationList = 32A0D6A32BE8EC6C00262448 /* Build configuration list for PBXProject "SnackOverFlow" */;
			compatibilityVersion = "Xcode 14.0";
			developmentRegion = en;
			hasScannedForEncodings = 0;
			knownRegions = (
				en,
				Base,
			);
			mainGroup = 32A0D69F2BE8EC6C00262448;
			productRefGroup = 32A0D6A92BE8EC6C00262448 /* Products */;
			projectDirPath = "";
			projectRoot = "";
			targets = (
				32A0D6A72BE8EC6C00262448 /* SnackOverFlow */,
			);
		};
/* End PBXProject section */

/* Begin PBXResourcesBuildPhase section */
		32A0D6A62BE8EC6C00262448 /* Resources */ = {
			isa = PBXResourcesBuildPhase;
			buildActionMask = 2147483647;
			files = (
				32FBF9092BEA43D100829DE4 /* Colors.xcassets in Resources */,
				32FBF90B2BEA43E000829DE4 /* Images.xcassets in Resources */,
				32A0D6B32BE8EC6D00262448 /* Preview Assets.xcassets in Resources */,
				32A0D6B02BE8EC6D00262448 /* Assets.xcassets in Resources */,
			);
			runOnlyForDeploymentPostprocessing = 0;
		};
/* End PBXResourcesBuildPhase section */

/* Begin PBXSourcesBuildPhase section */
		32A0D6A42BE8EC6C00262448 /* Sources */ = {
			isa = PBXSourcesBuildPhase;
			buildActionMask = 2147483647;
			files = (
				32A0D6AE2BE8EC6C00262448 /* ContentView.swift in Sources */,
				32EA8F312BEE38E900DE5099 /* Colors.swift in Sources */,
				3240615E2BEE3C5C00372E05 /* Icons.swift in Sources */,
				32AE04662BEB7F9F004C26DB /* Images.swift in Sources */,
				32A0D6C02BE8F05500262448 /* WelcomeView.swift in Sources */,
				32A0D6AC2BE8EC6C00262448 /* SnackOverFlowApp.swift in Sources */,
			);
			runOnlyForDeploymentPostprocessing = 0;
		};
/* End PBXSourcesBuildPhase section */

/* Begin XCBuildConfiguration section */
		32A0D6B42BE8EC6D00262448 /* Debug */ = {
			isa = XCBuildConfiguration;
			buildSettings = {
				ALWAYS_SEARCH_USER_PATHS = NO;
				ASSETCATALOG_COMPILER_GENERATE_SWIFT_ASSET_SYMBOL_EXTENSIONS = YES;
				CLANG_ANALYZER_NONNULL = YES;
				CLANG_ANALYZER_NUMBER_OBJECT_CONVERSION = YES_AGGRESSIVE;
				CLANG_CXX_LANGUAGE_STANDARD = "gnu++20";
				CLANG_ENABLE_MODULES = YES;
				CLANG_ENABLE_OBJC_ARC = YES;
				CLANG_ENABLE_OBJC_WEAK = YES;
				CLANG_WARN_BLOCK_CAPTURE_AUTORELEASING = YES;
				CLANG_WARN_BOOL_CONVERSION = YES;
				CLANG_WARN_COMMA = YES;
				CLANG_WARN_CONSTANT_CONVERSION = YES;
				CLANG_WARN_DEPRECATED_OBJC_IMPLEMENTATIONS = YES;
				CLANG_WARN_DIRECT_OBJC_ISA_USAGE = YES_ERROR;
				CLANG_WARN_DOCUMENTATION_COMMENTS = YES;
				CLANG_WARN_EMPTY_BODY = YES;
				CLANG_WARN_ENUM_CONVERSION = YES;
				CLANG_WARN_INFINITE_RECURSION = YES;
				CLANG_WARN_INT_CONVERSION = YES;
				CLANG_WARN_NON_LITERAL_NULL_CONVERSION = YES;
				CLANG_WARN_OBJC_IMPLICIT_RETAIN_SELF = YES;
				CLANG_WARN_OBJC_LITERAL_CONVERSION = YES;
				CLANG_WARN_OBJC_ROOT_CLASS = YES_ERROR;
				CLANG_WARN_QUOTED_INCLUDE_IN_FRAMEWORK_HEADER = YES;
				CLANG_WARN_RANGE_LOOP_ANALYSIS = YES;
				CLANG_WARN_STRICT_PROTOTYPES = YES;
				CLANG_WARN_SUSPICIOUS_MOVE = YES;
				CLANG_WARN_UNGUARDED_AVAILABILITY = YES_AGGRESSIVE;
				CLANG_WARN_UNREACHABLE_CODE = YES;
				CLANG_WARN__DUPLICATE_METHOD_MATCH = YES;
				COPY_PHASE_STRIP = NO;
				DEBUG_INFORMATION_FORMAT = dwarf;
				ENABLE_STRICT_OBJC_MSGSEND = YES;
				ENABLE_TESTABILITY = YES;
				ENABLE_USER_SCRIPT_SANDBOXING = YES;
				GCC_C_LANGUAGE_STANDARD = gnu17;
				GCC_DYNAMIC_NO_PIC = NO;
				GCC_NO_COMMON_BLOCKS = YES;
				GCC_OPTIMIZATION_LEVEL = 0;
				GCC_PREPROCESSOR_DEFINITIONS = (
					"DEBUG=1",
					"$(inherited)",
				);
				GCC_WARN_64_TO_32_BIT_CONVERSION = YES;
				GCC_WARN_ABOUT_RETURN_TYPE = YES_ERROR;
				GCC_WARN_UNDECLARED_SELECTOR = YES;
				GCC_WARN_UNINITIALIZED_AUTOS = YES_AGGRESSIVE;
				GCC_WARN_UNUSED_FUNCTION = YES;
				GCC_WARN_UNUSED_VARIABLE = YES;
				IPHONEOS_DEPLOYMENT_TARGET = 17.0;
				LOCALIZATION_PREFERS_STRING_CATALOGS = YES;
				MTL_ENABLE_DEBUG_INFO = INCLUDE_SOURCE;
				MTL_FAST_MATH = YES;
				ONLY_ACTIVE_ARCH = YES;
				SDKROOT = iphoneos;
				SWIFT_ACTIVE_COMPILATION_CONDITIONS = "DEBUG $(inherited)";
				SWIFT_OPTIMIZATION_LEVEL = "-Onone";
			};
			name = Debug;
		};
		32A0D6B52BE8EC6D00262448 /* Release */ = {
			isa = XCBuildConfiguration;
			buildSettings = {
				ALWAYS_SEARCH_USER_PATHS = NO;
				ASSETCATALOG_COMPILER_GENERATE_SWIFT_ASSET_SYMBOL_EXTENSIONS = YES;
				CLANG_ANALYZER_NONNULL = YES;
				CLANG_ANALYZER_NUMBER_OBJECT_CONVERSION = YES_AGGRESSIVE;
				CLANG_CXX_LANGUAGE_STANDARD = "gnu++20";
				CLANG_ENABLE_MODULES = YES;
				CLANG_ENABLE_OBJC_ARC = YES;
				CLANG_ENABLE_OBJC_WEAK = YES;
				CLANG_WARN_BLOCK_CAPTURE_AUTORELEASING = YES;
				CLANG_WARN_BOOL_CONVERSION = YES;
				CLANG_WARN_COMMA = YES;
				CLANG_WARN_CONSTANT_CONVERSION = YES;
				CLANG_WARN_DEPRECATED_OBJC_IMPLEMENTATIONS = YES;
				CLANG_WARN_DIRECT_OBJC_ISA_USAGE = YES_ERROR;
				CLANG_WARN_DOCUMENTATION_COMMENTS = YES;
				CLANG_WARN_EMPTY_BODY = YES;
				CLANG_WARN_ENUM_CONVERSION = YES;
				CLANG_WARN_INFINITE_RECURSION = YES;
				CLANG_WARN_INT_CONVERSION = YES;
				CLANG_WARN_NON_LITERAL_NULL_CONVERSION = YES;
				CLANG_WARN_OBJC_IMPLICIT_RETAIN_SELF = YES;
				CLANG_WARN_OBJC_LITERAL_CONVERSION = YES;
				CLANG_WARN_OBJC_ROOT_CLASS = YES_ERROR;
				CLANG_WARN_QUOTED_INCLUDE_IN_FRAMEWORK_HEADER = YES;
				CLANG_WARN_RANGE_LOOP_ANALYSIS = YES;
				CLANG_WARN_STRICT_PROTOTYPES = YES;
				CLANG_WARN_SUSPICIOUS_MOVE = YES;
				CLANG_WARN_UNGUARDED_AVAILABILITY = YES_AGGRESSIVE;
				CLANG_WARN_UNREACHABLE_CODE = YES;
				CLANG_WARN__DUPLICATE_METHOD_MATCH = YES;
				COPY_PHASE_STRIP = NO;
				DEBUG_INFORMATION_FORMAT = "dwarf-with-dsym";
				ENABLE_NS_ASSERTIONS = NO;
				ENABLE_STRICT_OBJC_MSGSEND = YES;
				ENABLE_USER_SCRIPT_SANDBOXING = YES;
				GCC_C_LANGUAGE_STANDARD = gnu17;
				GCC_NO_COMMON_BLOCKS = YES;
				GCC_WARN_64_TO_32_BIT_CONVERSION = YES;
				GCC_WARN_ABOUT_RETURN_TYPE = YES_ERROR;
				GCC_WARN_UNDECLARED_SELECTOR = YES;
				GCC_WARN_UNINITIALIZED_AUTOS = YES_AGGRESSIVE;
				GCC_WARN_UNUSED_FUNCTION = YES;
				GCC_WARN_UNUSED_VARIABLE = YES;
				IPHONEOS_DEPLOYMENT_TARGET = 17.0;
				LOCALIZATION_PREFERS_STRING_CATALOGS = YES;
				MTL_ENABLE_DEBUG_INFO = NO;
				MTL_FAST_MATH = YES;
				SDKROOT = iphoneos;
				SWIFT_COMPILATION_MODE = wholemodule;
				VALIDATE_PRODUCT = YES;
			};
			name = Release;
		};
		32A0D6B72BE8EC6D00262448 /* Debug */ = {
			isa = XCBuildConfiguration;
			buildSettings = {
				ASSETCATALOG_COMPILER_APPICON_NAME = AppIcon;
				ASSETCATALOG_COMPILER_GLOBAL_ACCENT_COLOR_NAME = AccentColor;
				CODE_SIGN_STYLE = Automatic;
				CURRENT_PROJECT_VERSION = 1;
				DEVELOPMENT_ASSET_PATHS = "\"SnackOverFlow/Preview Content\"";
				ENABLE_PREVIEWS = YES;
				GENERATE_INFOPLIST_FILE = YES;
				INFOPLIST_KEY_UIApplicationSceneManifest_Generation = YES;
				INFOPLIST_KEY_UIApplicationSupportsIndirectInputEvents = YES;
				INFOPLIST_KEY_UILaunchScreen_Generation = YES;
				INFOPLIST_KEY_UISupportedInterfaceOrientations_iPad = "UIInterfaceOrientationPortrait UIInterfaceOrientationPortraitUpsideDown UIInterfaceOrientationLandscapeLeft UIInterfaceOrientationLandscapeRight";
				INFOPLIST_KEY_UISupportedInterfaceOrientations_iPhone = "UIInterfaceOrientationPortrait UIInterfaceOrientationLandscapeLeft UIInterfaceOrientationLandscapeRight";
				LD_RUNPATH_SEARCH_PATHS = (
					"$(inherited)",
					"@executable_path/Frameworks",
				);
				MARKETING_VERSION = 1.0;
				PRODUCT_BUNDLE_IDENTIFIER = "Furkan-Zaif.SnackOverFlow";
				PRODUCT_NAME = "$(TARGET_NAME)";
				SWIFT_EMIT_LOC_STRINGS = YES;
				SWIFT_VERSION = 5.0;
				TARGETED_DEVICE_FAMILY = "1,2";
			};
			name = Debug;
		};
		32A0D6B82BE8EC6D00262448 /* Release */ = {
			isa = XCBuildConfiguration;
			buildSettings = {
				ASSETCATALOG_COMPILER_APPICON_NAME = AppIcon;
				ASSETCATALOG_COMPILER_GLOBAL_ACCENT_COLOR_NAME = AccentColor;
				CODE_SIGN_STYLE = Automatic;
				CURRENT_PROJECT_VERSION = 1;
				DEVELOPMENT_ASSET_PATHS = "\"SnackOverFlow/Preview Content\"";
				ENABLE_PREVIEWS = YES;
				GENERATE_INFOPLIST_FILE = YES;
				INFOPLIST_KEY_UIApplicationSceneManifest_Generation = YES;
				INFOPLIST_KEY_UIApplicationSupportsIndirectInputEvents = YES;
				INFOPLIST_KEY_UILaunchScreen_Generation = YES;
				INFOPLIST_KEY_UISupportedInterfaceOrientations_iPad = "UIInterfaceOrientationPortrait UIInterfaceOrientationPortraitUpsideDown UIInterfaceOrientationLandscapeLeft UIInterfaceOrientationLandscapeRight";
				INFOPLIST_KEY_UISupportedInterfaceOrientations_iPhone = "UIInterfaceOrientationPortrait UIInterfaceOrientationLandscapeLeft UIInterfaceOrientationLandscapeRight";
				LD_RUNPATH_SEARCH_PATHS = (
					"$(inherited)",
					"@executable_path/Frameworks",
				);
				MARKETING_VERSION = 1.0;
				PRODUCT_BUNDLE_IDENTIFIER = "Furkan-Zaif.SnackOverFlow";
				PRODUCT_NAME = "$(TARGET_NAME)";
				SWIFT_EMIT_LOC_STRINGS = YES;
				SWIFT_VERSION = 5.0;
				TARGETED_DEVICE_FAMILY = "1,2";
			};
			name = Release;
		};
/* End XCBuildConfiguration section */

/* Begin XCConfigurationList section */
		32A0D6A32BE8EC6C00262448 /* Build configuration list for PBXProject "SnackOverFlow" */ = {
			isa = XCConfigurationList;
			buildConfigurations = (
				32A0D6B42BE8EC6D00262448 /* Debug */,
				32A0D6B52BE8EC6D00262448 /* Release */,
			);
			defaultConfigurationIsVisible = 0;
			defaultConfigurationName = Release;
		};
		32A0D6B62BE8EC6D00262448 /* Build configuration list for PBXNativeTarget "SnackOverFlow" */ = {
			isa = XCConfigurationList;
			buildConfigurations = (
				32A0D6B72BE8EC6D00262448 /* Debug */,
				32A0D6B82BE8EC6D00262448 /* Release */,
			);
			defaultConfigurationIsVisible = 0;
			defaultConfigurationName = Release;
		};
/* End XCConfigurationList section */
	};
	rootObject = 32A0D6A02BE8EC6C00262448 /* Project object */;
}
